# THIS IS AN AUTOGENERATED FILE. DO NOT EDIT THIS FILE DIRECTLY.
# yarn lockfile v1


reflect-metadata@^0.2.1:
  version "0.2.1"
  resolved "https://registry.yarnpkg.com/reflect-metadata/-/reflect-metadata-0.2.1.tgz#8d5513c0f5ef2b4b9c3865287f3c0940c1f67f74"
  integrity sha512-i5lLI6iw9AU3Uu4szRNPPEkomnkjRTaVt9hy/bn5g/oSzekBSMeLZblcjP74AW0vBabqERLLIrz+gR8QYR54Tw==
